
Microsoft Visual Studio Solution File, Format Version 12.00
# Visual Studio Version 17
VisualStudioVersion = 17.11.35303.130
MinimumVisualStudioVersion = 10.0.40219.1
Project("{FAE04EC0-301F-11D3-BF4B-00C04F79EFBC}") = "ConsoleApp5", "ConsoleApp5\ConsoleApp5.csproj", "{A66B3B2E-674A-4F4E-B4BB-AD419DDEE6EB}"
EndProject
Global
	GlobalSection(SolutionConfigurationPlatforms) = preSolution
		Debug|Any CPU = Debug|Any CPU
		Release|Any CPU = Release|Any CPU
	EndGlobalSection
	GlobalSection(ProjectConfigurationPlatforms) = postSolution
		{A66B3B2E-674A-4F4E-B4BB-AD419DDEE6EB}.Debug|Any CPU.ActiveCfg = Debug|Any CPU
		{A66B3B2E-674A-4F4E-B4BB-AD419DDEE6EB}.Debug|Any CPU.Build.0 = Debug|Any CPU
		{A66B3B2E-674A-4F4E-B4BB-AD419DDEE6EB}.Release|Any CPU.ActiveCfg = Release|Any CPU
		{A66B3B2E-674A-4F4E-B4BB-AD419DDEE6EB}.Release|Any CPU.Build.0 = Release|Any CPU
	EndGlobalSection
	GlobalSection(SolutionProperties) = preSolution
		HideSolutionNode = FALSE
	EndGlobalSection
	GlobalSection(ExtensibilityGlobals) = postSolution
		SolutionGuid = {201FF45C-F875-4506-A8D4-9076725378D5}
	EndGlobalSection
EndGlobal
